
Microsoft Visual Studio Solution File, Format Version 12.00
# Visual Studio Version 17
VisualStudioVersion = 17.11.35327.3
MinimumVisualStudioVersion = 10.0.40219.1
Project("{FAE04EC0-301F-11D3-BF4B-00C04F79EFBC}") = "ProductService", "ProductService\ProductService.csproj", "{796B36D7-F4E5-4A48-A0F4-E011D6ED9FBF}"
EndProject
Project("{FAE04EC0-301F-11D3-BF4B-00C04F79EFBC}") = "OrderService", "OrderService\OrderService.csproj", "{B166CAA8-1A49-494E-B124-33F978E33402}"
EndProject
Project("{FAE04EC0-301F-11D3-BF4B-00C04F79EFBC}") = "APIGateway", "APIGateway\APIGateway.csproj", "{A6199CC7-1B3A-4010-A782-92CE969DCD4F}"
EndProject
Global
	GlobalSection(SolutionConfigurationPlatforms) = preSolution
		Debug|Any CPU = Debug|Any CPU
		Release|Any CPU = Release|Any CPU
	EndGlobalSection
	GlobalSection(ProjectConfigurationPlatforms) = postSolution
		{796B36D7-F4E5-4A48-A0F4-E011D6ED9FBF}.Debug|Any CPU.ActiveCfg = Debug|Any CPU
		{796B36D7-F4E5-4A48-A0F4-E011D6ED9FBF}.Debug|Any CPU.Build.0 = Debug|Any CPU
		{796B36D7-F4E5-4A48-A0F4-E011D6ED9FBF}.Release|Any CPU.ActiveCfg = Release|Any CPU
		{796B36D7-F4E5-4A48-A0F4-E011D6ED9FBF}.Release|Any CPU.Build.0 = Release|Any CPU
		{B166CAA8-1A49-494E-B124-33F978E33402}.Debug|Any CPU.ActiveCfg = Debug|Any CPU
		{B166CAA8-1A49-494E-B124-33F978E33402}.Debug|Any CPU.Build.0 = Debug|Any CPU
		{B166CAA8-1A49-494E-B124-33F978E33402}.Release|Any CPU.ActiveCfg = Release|Any CPU
		{B166CAA8-1A49-494E-B124-33F978E33402}.Release|Any CPU.Build.0 = Release|Any CPU
		{A6199CC7-1B3A-4010-A782-92CE969DCD4F}.Debug|Any CPU.ActiveCfg = Debug|Any CPU
		{A6199CC7-1B3A-4010-A782-92CE969DCD4F}.Debug|Any CPU.Build.0 = Debug|Any CPU
		{A6199CC7-1B3A-4010-A782-92CE969DCD4F}.Release|Any CPU.ActiveCfg = Release|Any CPU
		{A6199CC7-1B3A-4010-A782-92CE969DCD4F}.Release|Any CPU.Build.0 = Release|Any CPU
	EndGlobalSection
	GlobalSection(SolutionProperties) = preSolution
		HideSolutionNode = FALSE
	EndGlobalSection
	GlobalSection(ExtensibilityGlobals) = postSolution
		SolutionGuid = {A2199A3F-8436-41E4-9552-4248EE67E8ED}
	EndGlobalSection
EndGlobal
